
Microsoft Visual Studio Solution File, Format Version 12.00
# Visual Studio Version 16
VisualStudioVersion = 16.0.30717.126
MinimumVisualStudioVersion = 10.0.40219.1
Project("{FAE04EC0-301F-11D3-BF4B-00C04F79EFBC}") = "Notepad", "Notepad\Notepad.csproj", "{CAAF29A4-E118-462D-8433-61193FD28954}"
EndProject
Global
	GlobalSection(SolutionConfigurationPlatforms) = preSolution
		Debug|Any CPU = Debug|Any CPU
		Release|Any CPU = Release|Any CPU
	EndGlobalSection
	GlobalSection(ProjectConfigurationPlatforms) = postSolution
		{CAAF29A4-E118-462D-8433-61193FD28954}.Debug|Any CPU.ActiveCfg = Debug|Any CPU
		{CAAF29A4-E118-462D-8433-61193FD28954}.Debug|Any CPU.Build.0 = Debug|Any CPU
		{CAAF29A4-E118-462D-8433-61193FD28954}.Release|Any CPU.ActiveCfg = Release|Any CPU
		{CAAF29A4-E118-462D-8433-61193FD28954}.Release|Any CPU.Build.0 = Release|Any CPU
	EndGlobalSection
	GlobalSection(SolutionProperties) = preSolution
		HideSolutionNode = FALSE
	EndGlobalSection
	GlobalSection(ExtensibilityGlobals) = postSolution
		SolutionGuid = {ED6F81FE-22AE-4C39-BA26-AC13789D7720}
	EndGlobalSection
EndGlobal
